
Microsoft Visual Studio Solution File, Format Version 11.00
# Visual Studio 2010
Project("{8BC9CEB8-8B4A-11D0-8D11-00A0C91BC942}") = "Challenge115", "Challenge115\Challenge115.vcxproj", "{FE710101-4814-4F2C-AB23-07C8206C1F9B}"
EndProject
Global
	GlobalSection(SolutionConfigurationPlatforms) = preSolution
		Debug|Win32 = Debug|Win32
		Release|Win32 = Release|Win32
	EndGlobalSection
	GlobalSection(ProjectConfigurationPlatforms) = postSolution
		{FE710101-4814-4F2C-AB23-07C8206C1F9B}.Debug|Win32.ActiveCfg = Debug|Win32
		{FE710101-4814-4F2C-AB23-07C8206C1F9B}.Debug|Win32.Build.0 = Debug|Win32
		{FE710101-4814-4F2C-AB23-07C8206C1F9B}.Release|Win32.ActiveCfg = Release|Win32
		{FE710101-4814-4F2C-AB23-07C8206C1F9B}.Release|Win32.Build.0 = Release|Win32
	EndGlobalSection
	GlobalSection(SolutionProperties) = preSolution
		HideSolutionNode = FALSE
	EndGlobalSection
EndGlobal
